<?xml version="1.0" encoding="utf-8"?>
<Project ToolsVersion="17.0" xmlns="http://schemas.microsoft.com/developer/msbuild/2003">
  <ItemGroup>
    <CustomBuild Include="D:\hot-jamn\steam-audio\fmod-core-linked\windows-vs2022-x64\CMakeFiles\0db0f81b84fc4f47c6a15797894afa0b\INSTALL_force.rule">
      <Filter>CMake Rules</Filter>
    </CustomBuild>
  </ItemGroup>
  <ItemGroup>
    <Filter Include="CMake Rules">
      <UniqueIdentifier>{55022F6B-78F4-3CB2-BD55-DC2BE1E104B7}</UniqueIdentifier>
    </Filter>
  </ItemGroup>
</Project>
